// !$*UTF8*$!
{
	archiveVersion = 1;
	classes = {
	};
	objectVersion = 52;
	objects = {

/* Begin PBXBuildFile section */
		0207DA581B56EA530066E2B4 /* Images.xcassets in Resources */ = {isa = PBXBuildFile; fileRef = 0207DA571B56EA530066E2B4 /* Images.xcassets */; };
		1D3623260D0F684500981E51 /* AppDelegate.m in Sources */ = {isa = PBXBuildFile; fileRef = 1D3623250D0F684500981E51 /* AppDelegate.m */; };
		1D60589B0D05DD56006BFB54 /* main.m in Sources */ = {isa = PBXBuildFile; fileRef = 29B97316FDCFA39411CA2CEA /* main.m */; };
		301BF552109A68D80062928A /* libCordova.a in Frameworks */ = {isa = PBXBuildFile; fileRef = 301BF535109A57CC0062928A /* libCordova.a */; settings = {ATTRIBUTES = (Required, ); }; };
		302D95F114D2391D003F00A1 /* MainViewController.m in Sources */ = {isa = PBXBuildFile; fileRef = 302D95EF14D2391D003F00A1 /* MainViewController.m */; };
		302D95F214D2391D003F00A1 /* MainViewController.xib in Resources */ = {isa = PBXBuildFile; fileRef = 302D95F014D2391D003F00A1 /* MainViewController.xib */; };
		6AFF5BF91D6E424B00AB3073 /* CDVLaunchScreen.storyboard in Resources */ = {isa = PBXBuildFile; fileRef = 6AFF5BF81D6E424B00AB3073 /* CDVLaunchScreen.storyboard */; };
		FA6306CA5DF14ABB92BFFF6D /* CDVStatusBar.m in Sources */ = {isa = PBXBuildFile; fileRef = 6B6252881FC54859B7A8828B /* CDVStatusBar.m */; };
		ECFE00715EAF49D1BDCC3AFF /* CDVDevice.m in Sources */ = {isa = PBXBuildFile; fileRef = 76117D792E3E4E4FA468D6DD /* CDVDevice.m */; };
		16C740DFF0D44AB8A79EB284 /* CDVWKWebViewEngine.m in Sources */ = {isa = PBXBuildFile; fileRef = F0D84872981D41B587AD985B /* CDVWKWebViewEngine.m */; };
		1B0ECEB95F94483CBD92894E /* CDVWKWebViewUIDelegate.m in Sources */ = {isa = PBXBuildFile; fileRef = B3D6155352044F04AB998F41 /* CDVWKWebViewUIDelegate.m */; };
		F95EB0BCF9794BC9886C0FDD /* CDVWKProcessPoolFactory.m in Sources */ = {isa = PBXBuildFile; fileRef = 7724F39DBFBD4ED682424714 /* CDVWKProcessPoolFactory.m */; };
		346C0FC20F064AD1A0430597 /* IONAssetHandler.m in Sources */ = {isa = PBXBuildFile; fileRef = 0294E8C039204C2CB26093EE /* IONAssetHandler.m */; };
		CE3AF2C3073B454AA9ACC925 /* WebKit.framework in Frameworks */ = {isa = PBXBuildFile; fileRef = AF69C47DC54A4EBA91257438 /* WebKit.framework */; settings = {ATTRIBUTES = (Weak, ); }; };
		2CF9A86486A24929A18DDF0F /* CDVIonicKeyboard.m in Sources */ = {isa = PBXBuildFile; fileRef = 306301DEF4A949F4A88D252E /* CDVIonicKeyboard.m */; };
		52CE573AEB264772A7C45C41 /* CDVLocation.m in Sources */ = {isa = PBXBuildFile; fileRef = 72562734DDB742EF831110DE /* CDVLocation.m */; };
		26FDA6F040374DECB83FAB90 /* CoreLocation.framework in Frameworks */ = {isa = PBXBuildFile; fileRef = 94BFD1941C9C4F93A3E0A77D /* CoreLocation.framework */; };
		F1AA879E75754A70ABEC454D /* NativeGeocoder.swift in Sources */ = {isa = PBXBuildFile; fileRef = C1B0FCF73781433481CC7604 /* NativeGeocoder.swift */; };
		EA40A449584247A88569B0ED /* PhotoViewer.m in Sources */ = {isa = PBXBuildFile; fileRef = 70604E0D34B349EF95323DA0 /* PhotoViewer.m */; };
		4A14FB4632444874907259EB /* CDVFile.m in Sources */ = {isa = PBXBuildFile; fileRef = BA2DE913745F4E8B9C3737DD /* CDVFile.m */; };
		D482A40BA24B42F894DD09C6 /* CDVLocalFilesystem.m in Sources */ = {isa = PBXBuildFile; fileRef = 9768F8094332478589AF62EB /* CDVLocalFilesystem.m */; };
		8C2323AD8F3A4ACA947C2D01 /* CDVAssetLibraryFilesystem.m in Sources */ = {isa = PBXBuildFile; fileRef = 6DC47FFBF8DD4F7488B529F2 /* CDVAssetLibraryFilesystem.m */; };
		2B4C6470A6A142E3A8169117 /* CDVFileTransfer.m in Sources */ = {isa = PBXBuildFile; fileRef = 791B42C9078B438B9B48241B /* CDVFileTransfer.m */; };
		103216B5065B4D978D577672 /* CDVBarcodeScanner.mm in Resources */ = {isa = PBXBuildFile; fileRef = F39930FFFD174833B81C2697 /* CDVBarcodeScanner.mm */; };
		313398535CA44DDCAE68A211 /* scannerOverlay.xib in Resources */ = {isa = PBXBuildFile; fileRef = 0DD76CE76D20425B8561B1A4 /* scannerOverlay.xib */; };
		C9C08642D52F4231B2584101 /* CDVBarcodeScanner.bundle in Resources */ = {isa = PBXBuildFile; fileRef = 89EFC615B5B8495F98F3C7D5 /* CDVBarcodeScanner.bundle */; };
		BB1BC09E6FD541E78D21A062 /* AVFoundation.framework in Frameworks */ = {isa = PBXBuildFile; fileRef = F2EBE617109A4167A8FB26F3 /* AVFoundation.framework */; };
		630818ED3F704DBE92639790 /* AudioToolbox.framework in Frameworks */ = {isa = PBXBuildFile; fileRef = 957CF876B55D4BAD9D7095D8 /* AudioToolbox.framework */; };
		895106871EF440FCA2336C9A /* CTCrop.m in Sources */ = {isa = PBXBuildFile; fileRef = 1E39A9B00C2F44408EE53E99 /* CTCrop.m */; };
		AF30C08E5D014ED0AF37CF12 /* PECropRectView.m in Sources */ = {isa = PBXBuildFile; fileRef = ACED7E62853F457AAB57C011 /* PECropRectView.m */; };
		E5FBAC79AA5C4FC6A815328E /* PECropView.m in Sources */ = {isa = PBXBuildFile; fileRef = F148071D82EC456792CEFEEF /* PECropView.m */; };
		69C49E2ABE0140B28D0D4D7A /* PECropViewController.m in Sources */ = {isa = PBXBuildFile; fileRef = A9B20E08187E4FF6ABFC913E /* PECropViewController.m */; };
		652BA3F0F2BD41C9B24BF579 /* PEResizeControl.m in Sources */ = {isa = PBXBuildFile; fileRef = B08CC0BBF02045C3A4892FBA /* PEResizeControl.m */; };
		8005E413E77E49D782D616C0 /* UIImage+PECrop.m in Sources */ = {isa = PBXBuildFile; fileRef = 7DCE20AF244A486DB7235D1B /* UIImage+PECrop.m */; };
		3982B23B13B040408CCC1C98 /* PEPhotoCropEditor.bundle in Resources */ = {isa = PBXBuildFile; fileRef = 1B62275164ED409B8181D298 /* PEPhotoCropEditor.bundle */; };
		06BDE3EEA0FA44A5B43E90B3 /* QuartzCore.framework in Frameworks */ = {isa = PBXBuildFile; fileRef = CE567CAB299F414599637114 /* QuartzCore.framework */; };
		8C832A69F1764BA5B8DE733A /* RequestLocationAccuracy.m in Sources */ = {isa = PBXBuildFile; fileRef = 01C967A54E8A40F2AE793B3F /* RequestLocationAccuracy.m */; };
		E30875E834BD42E2B9D2C849 /* Fingerprint.swift in Sources */ = {isa = PBXBuildFile; fileRef = A305A2F79B484A26974435BB /* Fingerprint.swift */; };
		544BB41E16E8407F84553A11 /* UICKeyChainStore.m in Sources */ = {isa = PBXBuildFile; fileRef = 6956AAB3461E4C1EA6EFC875 /* UICKeyChainStore.m */; };
		E49D9BEDE7EB467FAA94591D /* CDVUniqueDeviceID.m in Sources */ = {isa = PBXBuildFile; fileRef = E1A06DF82E834515967BE46F /* CDVUniqueDeviceID.m */; };
		20B4303BBA864971BE17B933 /* Security.framework in Frameworks */ = {isa = PBXBuildFile; fileRef = 084E9B00D6554CA091D8907B /* Security.framework */; };
		6F18B7DE419C41B8864A82BE /* APPEmailComposer.m in Sources */ = {isa = PBXBuildFile; fileRef = 1557C61463164719941E146F /* APPEmailComposer.m */; };
		A3518B5A41CA451293FCEF47 /* APPEmailComposerImpl.m in Sources */ = {isa = PBXBuildFile; fileRef = 8E2404D698A94E92BE7F3917 /* APPEmailComposerImpl.m */; };
		2D15EB8FFA0D46839A67D58E /* MessageUI.framework in Frameworks */ = {isa = PBXBuildFile; fileRef = D492902D91DF4B47964BCCFE /* MessageUI.framework */; };
		C900DEF9DEB14C4282FA2067 /* CDVInAppBrowserOptions.m in Sources */ = {isa = PBXBuildFile; fileRef = 7C55D4C22C9D4B66B9A43BB2 /* CDVInAppBrowserOptions.m */; };
		BAE5465E3438496CA6FEBA79 /* CDVInAppBrowserNavigationController.m in Sources */ = {isa = PBXBuildFile; fileRef = 272EC2D218FF485AACD0DCC3 /* CDVInAppBrowserNavigationController.m */; };
		A52BFB69CB9742EB96D856D5 /* CDVWKInAppBrowser.m in Sources */ = {isa = PBXBuildFile; fileRef = 58A0E048272D4B0FB172F5B0 /* CDVWKInAppBrowser.m */; };
		6746703AC44E46DFB0E11921 /* CDVWKInAppBrowserUIDelegate.m in Sources */ = {isa = PBXBuildFile; fileRef = 33DC4245AC6A4C1ABC196D61 /* CDVWKInAppBrowserUIDelegate.m */; };
		9FD37CC6C69E490DACB95991 /* CFCallNumber.m in Sources */ = {isa = PBXBuildFile; fileRef = 4620BDA4ADAE47438BCEEB78 /* CFCallNumber.m */; };
		ADCF6A9B20624E069AC42728 /* FCMPlugin.m in Sources */ = {isa = PBXBuildFile; fileRef = 68BFD7E577CF4F45A6161355 /* FCMPlugin.m */; };
		43565CE683A244D989527C42 /* AppDelegate+FCMPlugin.m in Sources */ = {isa = PBXBuildFile; fileRef = 20E02A0943AC4743AEC0CAF2 /* AppDelegate+FCMPlugin.m */; };
		D7E256C2D139460C92BDCB7E /* FCMPluginIOS9Support.m in Sources */ = {isa = PBXBuildFile; fileRef = 302DEDAA49894E3995E6DC5C /* FCMPluginIOS9Support.m */; };
		86AB1CD1C5594377B98E36EA /* FCMNotificationCenterDelegate.m in Sources */ = {isa = PBXBuildFile; fileRef = 5038CFA2FE25460DB504BA33 /* FCMNotificationCenterDelegate.m */; };
		AFCD346C8ABD483CB4EC35BE /* GoogleService-Info.plist in Resources */ = {isa = PBXBuildFile; fileRef = F571BABC07784CC69B7A9CA4 /* GoogleService-Info.plist */; };
/* End PBXBuildFile section */

/* Begin PBXContainerItemProxy section */
		301BF534109A57CC0062928A /* PBXContainerItemProxy */ = {
			isa = PBXContainerItemProxy;
			containerPortal = 301BF52D109A57CC0062928A /* CordovaLib/CordovaLib.xcodeproj */;
			proxyType = 2;
			remoteGlobalIDString = D2AAC07E0554694100DB518D;
			remoteInfo = CordovaLib;
		};
		301BF550109A68C00062928A /* PBXContainerItemProxy */ = {
			isa = PBXContainerItemProxy;
			containerPortal = 301BF52D109A57CC0062928A /* CordovaLib/CordovaLib.xcodeproj */;
			proxyType = 1;
			remoteGlobalIDString = D2AAC07D0554694100DB518D;
			remoteInfo = CordovaLib;
		};
		907D8123214C687600058A10 /* PBXContainerItemProxy */ = {
			isa = PBXContainerItemProxy;
			containerPortal = 301BF52D109A57CC0062928A /* CordovaLib/CordovaLib.xcodeproj */;
			proxyType = 2;
			remoteGlobalIDString = C0C01EB21E3911D50056E6CB;
			remoteInfo = Cordova;
		};
/* End PBXContainerItemProxy section */

/* Begin PBXFileReference section */
		0207DA571B56EA530066E2B4 /* Images.xcassets */ = {isa = PBXFileReference; lastKnownFileType = folder.assetcatalog; name = Images.xcassets; path = "ICCCSG APP/Images.xcassets"; sourceTree = SOURCE_ROOT; };
		1D3623240D0F684500981E51 /* AppDelegate.h */ = {isa = PBXFileReference; fileEncoding = 4; lastKnownFileType = sourcecode.c.h; path = AppDelegate.h; sourceTree = "<group>"; };
		1D3623250D0F684500981E51 /* AppDelegate.m */ = {isa = PBXFileReference; fileEncoding = 4; lastKnownFileType = sourcecode.c.objc; path = AppDelegate.m; sourceTree = "<group>"; };
		1D6058910D05DD3D006BFB54 /* ICCCSG APP.app */ = {isa = PBXFileReference; explicitFileType = wrapper.application; includeInIndex = 0; path = "ICCCSG APP.app"; sourceTree = BUILT_PRODUCTS_DIR; };
		29B97316FDCFA39411CA2CEA /* main.m */ = {isa = PBXFileReference; fileEncoding = 4; lastKnownFileType = sourcecode.c.objc; path = main.m; sourceTree = "<group>"; };
		301BF52D109A57CC0062928A /* CordovaLib/CordovaLib.xcodeproj */ = {isa = PBXFileReference; lastKnownFileType = "wrapper.pb-project"; name = CordovaLib.xcodeproj; path = CordovaLib\CordovaLib.xcodeproj; sourceTree = "<group>"; };
		301BF56E109A69640062928A /* www */ = {isa = PBXFileReference; lastKnownFileType = folder; path = www; sourceTree = SOURCE_ROOT; };
		302D95EE14D2391D003F00A1 /* MainViewController.h */ = {isa = PBXFileReference; fileEncoding = 4; lastKnownFileType = sourcecode.c.h; path = MainViewController.h; sourceTree = "<group>"; };
		302D95EF14D2391D003F00A1 /* MainViewController.m */ = {isa = PBXFileReference; fileEncoding = 4; lastKnownFileType = sourcecode.c.objc; path = MainViewController.m; sourceTree = "<group>"; };
		302D95F014D2391D003F00A1 /* MainViewController.xib */ = {isa = PBXFileReference; fileEncoding = 4; lastKnownFileType = file.xib; path = MainViewController.xib; sourceTree = "<group>"; };
		3047A50F1AB8059700498E2A /* build-debug.xcconfig */ = {isa = PBXFileReference; fileEncoding = 4; lastKnownFileType = text.xcconfig; name = "build-debug.xcconfig"; path = "cordova/build-debug.xcconfig"; sourceTree = SOURCE_ROOT; };
		3047A5101AB8059700498E2A /* build-release.xcconfig */ = {isa = PBXFileReference; fileEncoding = 4; lastKnownFileType = text.xcconfig; name = "build-release.xcconfig"; path = "cordova/build-release.xcconfig"; sourceTree = SOURCE_ROOT; };
		3047A5111AB8059700498E2A /* build.xcconfig */ = {isa = PBXFileReference; fileEncoding = 4; lastKnownFileType = text.xcconfig; name = build.xcconfig; path = cordova/build.xcconfig; sourceTree = SOURCE_ROOT; };
		32CA4F630368D1EE00C91783 /* ICCCSG APP-Prefix.pch */ = {isa = PBXFileReference; fileEncoding = 4; lastKnownFileType = sourcecode.c.h; path = "ICCCSG APP-Prefix.pch"; sourceTree = "<group>"; };
		6AFF5BF81D6E424B00AB3073 /* CDVLaunchScreen.storyboard */ = {isa = PBXFileReference; fileEncoding = 4; lastKnownFileType = file.storyboard; name = CDVLaunchScreen.storyboard; path = "ICCCSG APP/CDVLaunchScreen.storyboard"; sourceTree = SOURCE_ROOT; };
		8D1107310486CEB800E47090 /* ICCCSG APP-Info.plist */ = {isa = PBXFileReference; fileEncoding = 4; lastKnownFileType = text.plist.xml; name = "ICCCSG APP-Info.plist"; path = "ICCCSG APP/ICCCSG APP-Info.plist"; plistStructureDefinitionIdentifier = "com.apple.xcode.plist.structure-definition.iphone.info-plist"; sourceTree = SOURCE_ROOT; };
		EB87FDF31871DA8E0020F90C /* www */ = {isa = PBXFileReference; lastKnownFileType = folder; name = www; path = ../../www; sourceTree = "<group>"; };
		EB87FDF41871DAF40020F90C /* config.xml */ = {isa = PBXFileReference; lastKnownFileType = text.xml; name = config.xml; path = ../../config.xml; sourceTree = "<group>"; };
		ED33DF2A687741AEAF9F8254 /* Bridging-Header.h */ = {isa = PBXFileReference; fileEncoding = 4; lastKnownFileType = sourcecode.c.h; path = "Bridging-Header.h"; sourceTree = "<group>"; };
		F840E1F0165FE0F500CFE078 /* config.xml */ = {isa = PBXFileReference; lastKnownFileType = text.xml; name = config.xml; path = "ICCCSG APP/config.xml"; sourceTree = "<group>"; };
		6B6252881FC54859B7A8828B /* CDVStatusBar.m */ = {isa = PBXFileReference; name = "CDVStatusBar.m"; path = "cordova-plugin-statusbar/CDVStatusBar.m"; sourceTree = "<group>"; fileEncoding = 4; lastKnownFileType = sourcecode.c.objc; explicitFileType = undefined; includeInIndex = 0; };
		374C2AB638874EF6BE7A4391 /* CDVStatusBar.h */ = {isa = PBXFileReference; name = "CDVStatusBar.h"; path = "cordova-plugin-statusbar/CDVStatusBar.h"; sourceTree = "<group>"; fileEncoding = 4; lastKnownFileType = sourcecode.c.h; explicitFileType = undefined; includeInIndex = 0; };
		76117D792E3E4E4FA468D6DD /* CDVDevice.m */ = {isa = PBXFileReference; name = "CDVDevice.m"; path = "cordova-plugin-device/CDVDevice.m"; sourceTree = "<group>"; fileEncoding = 4; lastKnownFileType = sourcecode.c.objc; explicitFileType = undefined; includeInIndex = 0; };
		E2329EAB9BE74717A6197E59 /* CDVDevice.h */ = {isa = PBXFileReference; name = "CDVDevice.h"; path = "cordova-plugin-device/CDVDevice.h"; sourceTree = "<group>"; fileEncoding = 4; lastKnownFileType = sourcecode.c.h; explicitFileType = undefined; includeInIndex = 0; };
		F0D84872981D41B587AD985B /* CDVWKWebViewEngine.m */ = {isa = PBXFileReference; name = "CDVWKWebViewEngine.m"; path = "cordova-plugin-ionic-webview/CDVWKWebViewEngine.m"; sourceTree = "<group>"; fileEncoding = 4; lastKnownFileType = sourcecode.c.objc; explicitFileType = undefined; includeInIndex = 0; };
		B3D6155352044F04AB998F41 /* CDVWKWebViewUIDelegate.m */ = {isa = PBXFileReference; name = "CDVWKWebViewUIDelegate.m"; path = "cordova-plugin-ionic-webview/CDVWKWebViewUIDelegate.m"; sourceTree = "<group>"; fileEncoding = 4; lastKnownFileType = sourcecode.c.objc; explicitFileType = undefined; includeInIndex = 0; };
		7724F39DBFBD4ED682424714 /* CDVWKProcessPoolFactory.m */ = {isa = PBXFileReference; name = "CDVWKProcessPoolFactory.m"; path = "cordova-plugin-ionic-webview/CDVWKProcessPoolFactory.m"; sourceTree = "<group>"; fileEncoding = 4; lastKnownFileType = sourcecode.c.objc; explicitFileType = undefined; includeInIndex = 0; };
		0294E8C039204C2CB26093EE /* IONAssetHandler.m */ = {isa = PBXFileReference; name = "IONAssetHandler.m"; path = "cordova-plugin-ionic-webview/IONAssetHandler.m"; sourceTree = "<group>"; fileEncoding = 4; lastKnownFileType = sourcecode.c.objc; explicitFileType = undefined; includeInIndex = 0; };
		4F703CE51B234C5CBC189B8F /* CDVWKWebViewEngine.h */ = {isa = PBXFileReference; name = "CDVWKWebViewEngine.h"; path = "cordova-plugin-ionic-webview/CDVWKWebViewEngine.h"; sourceTree = "<group>"; fileEncoding = 4; lastKnownFileType = sourcecode.c.h; explicitFileType = undefined; includeInIndex = 0; };
		34D0A329591B4A34AAA98076 /* CDVWKWebViewUIDelegate.h */ = {isa = PBXFileReference; name = "CDVWKWebViewUIDelegate.h"; path = "cordova-plugin-ionic-webview/CDVWKWebViewUIDelegate.h"; sourceTree = "<group>"; fileEncoding = 4; lastKnownFileType = sourcecode.c.h; explicitFileType = undefined; includeInIndex = 0; };
		0170D4D2E5E4491F9B66D7B7 /* CDVWKProcessPoolFactory.h */ = {isa = PBXFileReference; name = "CDVWKProcessPoolFactory.h"; path = "cordova-plugin-ionic-webview/CDVWKProcessPoolFactory.h"; sourceTree = "<group>"; fileEncoding = 4; lastKnownFileType = sourcecode.c.h; explicitFileType = undefined; includeInIndex = 0; };
		A5F8289B4677410389DDB86B /* IONAssetHandler.h */ = {isa = PBXFileReference; name = "IONAssetHandler.h"; path = "cordova-plugin-ionic-webview/IONAssetHandler.h"; sourceTree = "<group>"; fileEncoding = 4; lastKnownFileType = sourcecode.c.h; explicitFileType = undefined; includeInIndex = 0; };
		AF69C47DC54A4EBA91257438 /* WebKit.framework */ = {isa = PBXFileReference; name = "WebKit.framework"; path = "System/Library/Frameworks/WebKit.framework"; sourceTree = SDKROOT; fileEncoding = undefined; lastKnownFileType = wrapper.framework; explicitFileType = undefined; includeInIndex = 0; };
		306301DEF4A949F4A88D252E /* CDVIonicKeyboard.m */ = {isa = PBXFileReference; name = "CDVIonicKeyboard.m"; path = "cordova-plugin-ionic-keyboard/CDVIonicKeyboard.m"; sourceTree = "<group>"; fileEncoding = 4; lastKnownFileType = sourcecode.c.objc; explicitFileType = undefined; includeInIndex = 0; };
		FB75D86E0BB94CFD90CA1B24 /* CDVIonicKeyboard.h */ = {isa = PBXFileReference; name = "CDVIonicKeyboard.h"; path = "cordova-plugin-ionic-keyboard/CDVIonicKeyboard.h"; sourceTree = "<group>"; fileEncoding = 4; lastKnownFileType = sourcecode.c.h; explicitFileType = undefined; includeInIndex = 0; };
		72562734DDB742EF831110DE /* CDVLocation.m */ = {isa = PBXFileReference; name = "CDVLocation.m"; path = "cordova-plugin-geolocation/CDVLocation.m"; sourceTree = "<group>"; fileEncoding = 4; lastKnownFileType = sourcecode.c.objc; explicitFileType = undefined; includeInIndex = 0; };
		C69BB8331D2D4162B2D375E5 /* CDVLocation.h */ = {isa = PBXFileReference; name = "CDVLocation.h"; path = "cordova-plugin-geolocation/CDVLocation.h"; sourceTree = "<group>"; fileEncoding = 4; lastKnownFileType = sourcecode.c.h; explicitFileType = undefined; includeInIndex = 0; };
		94BFD1941C9C4F93A3E0A77D /* CoreLocation.framework */ = {isa = PBXFileReference; name = "CoreLocation.framework"; path = "System/Library/Frameworks/CoreLocation.framework"; sourceTree = SDKROOT; fileEncoding = undefined; lastKnownFileType = wrapper.framework; explicitFileType = undefined; includeInIndex = 0; };
		C1B0FCF73781433481CC7604 /* NativeGeocoder.swift */ = {isa = PBXFileReference; name = "NativeGeocoder.swift"; path = "cordova-plugin-nativegeocoder/NativeGeocoder.swift"; sourceTree = "<group>"; fileEncoding = 4; lastKnownFileType = sourcecode.swift; explicitFileType = undefined; includeInIndex = 0; };
		70604E0D34B349EF95323DA0 /* PhotoViewer.m */ = {isa = PBXFileReference; name = "PhotoViewer.m"; path = "com-sarriaroman-photoviewer/PhotoViewer.m"; sourceTree = "<group>"; fileEncoding = 4; lastKnownFileType = sourcecode.c.objc; explicitFileType = undefined; includeInIndex = 0; };
		BA2DE913745F4E8B9C3737DD /* CDVFile.m */ = {isa = PBXFileReference; name = "CDVFile.m"; path = "cordova-plugin-file/CDVFile.m"; sourceTree = "<group>"; fileEncoding = 4; lastKnownFileType = sourcecode.c.objc; explicitFileType = undefined; includeInIndex = 0; };
		9768F8094332478589AF62EB /* CDVLocalFilesystem.m */ = {isa = PBXFileReference; name = "CDVLocalFilesystem.m"; path = "cordova-plugin-file/CDVLocalFilesystem.m"; sourceTree = "<group>"; fileEncoding = 4; lastKnownFileType = sourcecode.c.objc; explicitFileType = undefined; includeInIndex = 0; };
		6DC47FFBF8DD4F7488B529F2 /* CDVAssetLibraryFilesystem.m */ = {isa = PBXFileReference; name = "CDVAssetLibraryFilesystem.m"; path = "cordova-plugin-file/CDVAssetLibraryFilesystem.m"; sourceTree = "<group>"; fileEncoding = 4; lastKnownFileType = sourcecode.c.objc; explicitFileType = undefined; includeInIndex = 0; };
		F168E52935DC472ABB944249 /* CDVFile.h */ = {isa = PBXFileReference; name = "CDVFile.h"; path = "cordova-plugin-file/CDVFile.h"; sourceTree = "<group>"; fileEncoding = 4; lastKnownFileType = sourcecode.c.h; explicitFileType = undefined; includeInIndex = 0; };
		2F332772421C47EA8BE28DF2 /* CDVLocalFilesystem.h */ = {isa = PBXFileReference; name = "CDVLocalFilesystem.h"; path = "cordova-plugin-file/CDVLocalFilesystem.h"; sourceTree = "<group>"; fileEncoding = 4; lastKnownFileType = sourcecode.c.h; explicitFileType = undefined; includeInIndex = 0; };
		79A70594B2E44175B4DB2C3E /* CDVAssetLibraryFilesystem.h */ = {isa = PBXFileReference; name = "CDVAssetLibraryFilesystem.h"; path = "cordova-plugin-file/CDVAssetLibraryFilesystem.h"; sourceTree = "<group>"; fileEncoding = 4; lastKnownFileType = sourcecode.c.h; explicitFileType = undefined; includeInIndex = 0; };
		791B42C9078B438B9B48241B /* CDVFileTransfer.m */ = {isa = PBXFileReference; name = "CDVFileTransfer.m"; path = "cordova-plugin-file-transfer/CDVFileTransfer.m"; sourceTree = "<group>"; fileEncoding = 4; lastKnownFileType = sourcecode.c.objc; explicitFileType = undefined; includeInIndex = 0; };
		5ACD43FFF2664589B944D64D /* CDVFileTransfer.h */ = {isa = PBXFileReference; name = "CDVFileTransfer.h"; path = "cordova-plugin-file-transfer/CDVFileTransfer.h"; sourceTree = "<group>"; fileEncoding = 4; lastKnownFileType = sourcecode.c.h; explicitFileType = undefined; includeInIndex = 0; };
		F39930FFFD174833B81C2697 /* CDVBarcodeScanner.mm */ = {isa = PBXFileReference; name = "CDVBarcodeScanner.mm"; path = "phonegap-plugin-barcodescanner/CDVBarcodeScanner.mm"; sourceTree = "<group>"; fileEncoding = undefined; lastKnownFileType = unknown; explicitFileType = undefined; includeInIndex = 0; };
		0DD76CE76D20425B8561B1A4 /* scannerOverlay.xib */ = {isa = PBXFileReference; name = "scannerOverlay.xib"; path = "scannerOverlay.xib"; sourceTree = "<group>"; fileEncoding = undefined; lastKnownFileType = file.xib; explicitFileType = undefined; includeInIndex = 0; };
		89EFC615B5B8495F98F3C7D5 /* CDVBarcodeScanner.bundle */ = {isa = PBXFileReference; name = "CDVBarcodeScanner.bundle"; path = "CDVBarcodeScanner.bundle"; sourceTree = "<group>"; fileEncoding = undefined; lastKnownFileType = wrapper.plug-in; explicitFileType = undefined; includeInIndex = 0; };
		F2EBE617109A4167A8FB26F3 /* AVFoundation.framework */ = {isa = PBXFileReference; name = "AVFoundation.framework"; path = "System/Library/Frameworks/AVFoundation.framework"; sourceTree = SDKROOT; fileEncoding = undefined; lastKnownFileType = wrapper.framework; explicitFileType = undefined; includeInIndex = 0; };
		957CF876B55D4BAD9D7095D8 /* AudioToolbox.framework */ = {isa = PBXFileReference; name = "AudioToolbox.framework"; path = "System/Library/Frameworks/AudioToolbox.framework"; sourceTree = SDKROOT; fileEncoding = undefined; lastKnownFileType = wrapper.framework; explicitFileType = undefined; includeInIndex = 0; };
		1E39A9B00C2F44408EE53E99 /* CTCrop.m */ = {isa = PBXFileReference; name = "CTCrop.m"; path = "cordova-plugin-crop/CTCrop.m"; sourceTree = "<group>"; fileEncoding = 4; lastKnownFileType = sourcecode.c.objc; explicitFileType = undefined; includeInIndex = 0; };
		ACED7E62853F457AAB57C011 /* PECropRectView.m */ = {isa = PBXFileReference; name = "PECropRectView.m"; path = "cordova-plugin-crop/PECropRectView.m"; sourceTree = "<group>"; fileEncoding = 4; lastKnownFileType = sourcecode.c.objc; explicitFileType = undefined; includeInIndex = 0; };
		F148071D82EC456792CEFEEF /* PECropView.m */ = {isa = PBXFileReference; name = "PECropView.m"; path = "cordova-plugin-crop/PECropView.m"; sourceTree = "<group>"; fileEncoding = 4; lastKnownFileType = sourcecode.c.objc; explicitFileType = undefined; includeInIndex = 0; };
		A9B20E08187E4FF6ABFC913E /* PECropViewController.m */ = {isa = PBXFileReference; name = "PECropViewController.m"; path = "cordova-plugin-crop/PECropViewController.m"; sourceTree = "<group>"; fileEncoding = 4; lastKnownFileType = sourcecode.c.objc; explicitFileType = undefined; includeInIndex = 0; };
		B08CC0BBF02045C3A4892FBA /* PEResizeControl.m */ = {isa = PBXFileReference; name = "PEResizeControl.m"; path = "cordova-plugin-crop/PEResizeControl.m"; sourceTree = "<group>"; fileEncoding = 4; lastKnownFileType = sourcecode.c.objc; explicitFileType = undefined; includeInIndex = 0; };
		7DCE20AF244A486DB7235D1B /* UIImage+PECrop.m */ = {isa = PBXFileReference; name = "UIImage+PECrop.m"; path = "cordova-plugin-crop/UIImage+PECrop.m"; sourceTree = "<group>"; fileEncoding = 4; lastKnownFileType = sourcecode.c.objc; explicitFileType = undefined; includeInIndex = 0; };
		5CE19F517A6E4ECB86AEE0F1 /* CTCrop.h */ = {isa = PBXFileReference; name = "CTCrop.h"; path = "cordova-plugin-crop/CTCrop.h"; sourceTree = "<group>"; fileEncoding = 4; lastKnownFileType = sourcecode.c.h; explicitFileType = undefined; includeInIndex = 0; };
		1B53586EA2134DA6BA548DD8 /* PECropRectView.h */ = {isa = PBXFileReference; name = "PECropRectView.h"; path = "cordova-plugin-crop/PECropRectView.h"; sourceTree = "<group>"; fileEncoding = 4; lastKnownFileType = sourcecode.c.h; explicitFileType = undefined; includeInIndex = 0; };
		B71C56EDF71D48AF8DF683D8 /* PECropView.h */ = {isa = PBXFileReference; name = "PECropView.h"; path = "cordova-plugin-crop/PECropView.h"; sourceTree = "<group>"; fileEncoding = 4; lastKnownFileType = sourcecode.c.h; explicitFileType = undefined; includeInIndex = 0; };
		E166028C970B4483B5AB3994 /* PECropViewController.h */ = {isa = PBXFileReference; name = "PECropViewController.h"; path = "cordova-plugin-crop/PECropViewController.h"; sourceTree = "<group>"; fileEncoding = 4; lastKnownFileType = sourcecode.c.h; explicitFileType = undefined; includeInIndex = 0; };
		266A4A035DE14DE28D886080 /* PEResizeControl.h */ = {isa = PBXFileReference; name = "PEResizeControl.h"; path = "cordova-plugin-crop/PEResizeControl.h"; sourceTree = "<group>"; fileEncoding = 4; lastKnownFileType = sourcecode.c.h; explicitFileType = undefined; includeInIndex = 0; };
		603F02C5B766449EB10FC152 /* UIImage+PECrop.h */ = {isa = PBXFileReference; name = "UIImage+PECrop.h"; path = "cordova-plugin-crop/UIImage+PECrop.h"; sourceTree = "<group>"; fileEncoding = 4; lastKnownFileType = sourcecode.c.h; explicitFileType = undefined; includeInIndex = 0; };
		1B62275164ED409B8181D298 /* PEPhotoCropEditor.bundle */ = {isa = PBXFileReference; name = "PEPhotoCropEditor.bundle"; path = "PEPhotoCropEditor.bundle"; sourceTree = "<group>"; fileEncoding = undefined; lastKnownFileType = wrapper.plug-in; explicitFileType = undefined; includeInIndex = 0; };
		CE567CAB299F414599637114 /* QuartzCore.framework */ = {isa = PBXFileReference; name = "QuartzCore.framework"; path = "System/Library/Frameworks/QuartzCore.framework"; sourceTree = SDKROOT; fileEncoding = undefined; lastKnownFileType = wrapper.framework; explicitFileType = undefined; includeInIndex = 0; };
		01C967A54E8A40F2AE793B3F /* RequestLocationAccuracy.m */ = {isa = PBXFileReference; name = "RequestLocationAccuracy.m"; path = "cordova-plugin-request-location-accuracy/RequestLocationAccuracy.m"; sourceTree = "<group>"; fileEncoding = 4; lastKnownFileType = sourcecode.c.objc; explicitFileType = undefined; includeInIndex = 0; };
		5A0E9526DFBF4B9B80BDF93C /* RequestLocationAccuracy.h */ = {isa = PBXFileReference; name = "RequestLocationAccuracy.h"; path = "cordova-plugin-request-location-accuracy/RequestLocationAccuracy.h"; sourceTree = "<group>"; fileEncoding = 4; lastKnownFileType = sourcecode.c.h; explicitFileType = undefined; includeInIndex = 0; };
		A305A2F79B484A26974435BB /* Fingerprint.swift */ = {isa = PBXFileReference; name = "Fingerprint.swift"; path = "cordova-plugin-fingerprint-aio/Fingerprint.swift"; sourceTree = "<group>"; fileEncoding = 4; lastKnownFileType = sourcecode.swift; explicitFileType = undefined; includeInIndex = 0; };
		4E94EC1A814D4A039AA5892B /* Bridging-Header.h */ = {isa = PBXFileReference; name = "Bridging-Header.h"; path = "cordova-plugin-fingerprint-aio/Bridging-Header.h"; sourceTree = "<group>"; fileEncoding = 4; lastKnownFileType = sourcecode.c.h; explicitFileType = undefined; includeInIndex = 0; };
		6956AAB3461E4C1EA6EFC875 /* UICKeyChainStore.m */ = {isa = PBXFileReference; name = "UICKeyChainStore.m"; path = "cordova-plugin-unique-device-id2/UICKeyChainStore.m"; sourceTree = "<group>"; fileEncoding = 4; lastKnownFileType = sourcecode.c.objc; explicitFileType = undefined; includeInIndex = 0; };
		E1A06DF82E834515967BE46F /* CDVUniqueDeviceID.m */ = {isa = PBXFileReference; name = "CDVUniqueDeviceID.m"; path = "cordova-plugin-unique-device-id2/CDVUniqueDeviceID.m"; sourceTree = "<group>"; fileEncoding = 4; lastKnownFileType = sourcecode.c.objc; explicitFileType = undefined; includeInIndex = 0; };
		3E6E0163B32846BBA0A9F491 /* UICKeyChainStore.h */ = {isa = PBXFileReference; name = "UICKeyChainStore.h"; path = "cordova-plugin-unique-device-id2/UICKeyChainStore.h"; sourceTree = "<group>"; fileEncoding = 4; lastKnownFileType = sourcecode.c.h; explicitFileType = undefined; includeInIndex = 0; };
		44E8C07FB3BB41B5BA31A93D /* CDVUniqueDeviceID.h */ = {isa = PBXFileReference; name = "CDVUniqueDeviceID.h"; path = "cordova-plugin-unique-device-id2/CDVUniqueDeviceID.h"; sourceTree = "<group>"; fileEncoding = 4; lastKnownFileType = sourcecode.c.h; explicitFileType = undefined; includeInIndex = 0; };
		084E9B00D6554CA091D8907B /* Security.framework */ = {isa = PBXFileReference; name = "Security.framework"; path = "System/Library/Frameworks/Security.framework"; sourceTree = SDKROOT; fileEncoding = undefined; lastKnownFileType = wrapper.framework; explicitFileType = undefined; includeInIndex = 0; };
		1557C61463164719941E146F /* APPEmailComposer.m */ = {isa = PBXFileReference; name = "APPEmailComposer.m"; path = "cordova-plugin-email-composer/APPEmailComposer.m"; sourceTree = "<group>"; fileEncoding = 4; lastKnownFileType = sourcecode.c.objc; explicitFileType = undefined; includeInIndex = 0; };
		8E2404D698A94E92BE7F3917 /* APPEmailComposerImpl.m */ = {isa = PBXFileReference; name = "APPEmailComposerImpl.m"; path = "cordova-plugin-email-composer/APPEmailComposerImpl.m"; sourceTree = "<group>"; fileEncoding = 4; lastKnownFileType = sourcecode.c.objc; explicitFileType = undefined; includeInIndex = 0; };
		21466466907E41779B962727 /* APPEmailComposer.h */ = {isa = PBXFileReference; name = "APPEmailComposer.h"; path = "cordova-plugin-email-composer/APPEmailComposer.h"; sourceTree = "<group>"; fileEncoding = 4; lastKnownFileType = sourcecode.c.h; explicitFileType = undefined; includeInIndex = 0; };
		C13A6123D0E74CFBA14386D7 /* APPEmailComposerImpl.h */ = {isa = PBXFileReference; name = "APPEmailComposerImpl.h"; path = "cordova-plugin-email-composer/APPEmailComposerImpl.h"; sourceTree = "<group>"; fileEncoding = 4; lastKnownFileType = sourcecode.c.h; explicitFileType = undefined; includeInIndex = 0; };
		D492902D91DF4B47964BCCFE /* MessageUI.framework */ = {isa = PBXFileReference; name = "MessageUI.framework"; path = "System/Library/Frameworks/MessageUI.framework"; sourceTree = SDKROOT; fileEncoding = undefined; lastKnownFileType = wrapper.framework; explicitFileType = undefined; includeInIndex = 0; };
		7C55D4C22C9D4B66B9A43BB2 /* CDVInAppBrowserOptions.m */ = {isa = PBXFileReference; name = "CDVInAppBrowserOptions.m"; path = "cordova-plugin-inappbrowser/CDVInAppBrowserOptions.m"; sourceTree = "<group>"; fileEncoding = 4; lastKnownFileType = sourcecode.c.objc; explicitFileType = undefined; includeInIndex = 0; };
		272EC2D218FF485AACD0DCC3 /* CDVInAppBrowserNavigationController.m */ = {isa = PBXFileReference; name = "CDVInAppBrowserNavigationController.m"; path = "cordova-plugin-inappbrowser/CDVInAppBrowserNavigationController.m"; sourceTree = "<group>"; fileEncoding = 4; lastKnownFileType = sourcecode.c.objc; explicitFileType = undefined; includeInIndex = 0; };
		58A0E048272D4B0FB172F5B0 /* CDVWKInAppBrowser.m */ = {isa = PBXFileReference; name = "CDVWKInAppBrowser.m"; path = "cordova-plugin-inappbrowser/CDVWKInAppBrowser.m"; sourceTree = "<group>"; fileEncoding = 4; lastKnownFileType = sourcecode.c.objc; explicitFileType = undefined; includeInIndex = 0; };
		33DC4245AC6A4C1ABC196D61 /* CDVWKInAppBrowserUIDelegate.m */ = {isa = PBXFileReference; name = "CDVWKInAppBrowserUIDelegate.m"; path = "cordova-plugin-inappbrowser/CDVWKInAppBrowserUIDelegate.m"; sourceTree = "<group>"; fileEncoding = 4; lastKnownFileType = sourcecode.c.objc; explicitFileType = undefined; includeInIndex = 0; };
		B34ECCDF443443DA94BCFC45 /* CDVInAppBrowserOptions.h */ = {isa = PBXFileReference; name = "CDVInAppBrowserOptions.h"; path = "cordova-plugin-inappbrowser/CDVInAppBrowserOptions.h"; sourceTree = "<group>"; fileEncoding = 4; lastKnownFileType = sourcecode.c.h; explicitFileType = undefined; includeInIndex = 0; };
		504E1F8368AE48DA9D903853 /* CDVInAppBrowserNavigationController.h */ = {isa = PBXFileReference; name = "CDVInAppBrowserNavigationController.h"; path = "cordova-plugin-inappbrowser/CDVInAppBrowserNavigationController.h"; sourceTree = "<group>"; fileEncoding = 4; lastKnownFileType = sourcecode.c.h; explicitFileType = undefined; includeInIndex = 0; };
		CAAAFAF06EB3401582E2BFC3 /* CDVWKInAppBrowser.h */ = {isa = PBXFileReference; name = "CDVWKInAppBrowser.h"; path = "cordova-plugin-inappbrowser/CDVWKInAppBrowser.h"; sourceTree = "<group>"; fileEncoding = 4; lastKnownFileType = sourcecode.c.h; explicitFileType = undefined; includeInIndex = 0; };
		7F0565DC04CC43DFBB3ABA45 /* CDVWKInAppBrowserUIDelegate.h */ = {isa = PBXFileReference; name = "CDVWKInAppBrowserUIDelegate.h"; path = "cordova-plugin-inappbrowser/CDVWKInAppBrowserUIDelegate.h"; sourceTree = "<group>"; fileEncoding = 4; lastKnownFileType = sourcecode.c.h; explicitFileType = undefined; includeInIndex = 0; };
		4620BDA4ADAE47438BCEEB78 /* CFCallNumber.m */ = {isa = PBXFileReference; name = "CFCallNumber.m"; path = "mx.ferreyra.callnumber/CFCallNumber.m"; sourceTree = "<group>"; fileEncoding = 4; lastKnownFileType = sourcecode.c.objc; explicitFileType = undefined; includeInIndex = 0; };
		D67A1202D917441CB92475FA /* CFCallNumber.h */ = {isa = PBXFileReference; name = "CFCallNumber.h"; path = "mx.ferreyra.callnumber/CFCallNumber.h"; sourceTree = "<group>"; fileEncoding = 4; lastKnownFileType = sourcecode.c.h; explicitFileType = undefined; includeInIndex = 0; };
		68BFD7E577CF4F45A6161355 /* FCMPlugin.m */ = {isa = PBXFileReference; name = "FCMPlugin.m"; path = "cordova-plugin-fcm-with-dependecy-updated/FCMPlugin.m"; sourceTree = "<group>"; fileEncoding = 4; lastKnownFileType = sourcecode.c.objc; explicitFileType = undefined; includeInIndex = 0; };
		20E02A0943AC4743AEC0CAF2 /* AppDelegate+FCMPlugin.m */ = {isa = PBXFileReference; name = "AppDelegate+FCMPlugin.m"; path = "cordova-plugin-fcm-with-dependecy-updated/AppDelegate+FCMPlugin.m"; sourceTree = "<group>"; fileEncoding = 4; lastKnownFileType = sourcecode.c.objc; explicitFileType = undefined; includeInIndex = 0; };
		302DEDAA49894E3995E6DC5C /* FCMPluginIOS9Support.m */ = {isa = PBXFileReference; name = "FCMPluginIOS9Support.m"; path = "cordova-plugin-fcm-with-dependecy-updated/FCMPluginIOS9Support.m"; sourceTree = "<group>"; fileEncoding = 4; lastKnownFileType = sourcecode.c.objc; explicitFileType = undefined; includeInIndex = 0; };
		5038CFA2FE25460DB504BA33 /* FCMNotificationCenterDelegate.m */ = {isa = PBXFileReference; name = "FCMNotificationCenterDelegate.m"; path = "cordova-plugin-fcm-with-dependecy-updated/FCMNotificationCenterDelegate.m"; sourceTree = "<group>"; fileEncoding = 4; lastKnownFileType = sourcecode.c.objc; explicitFileType = undefined; includeInIndex = 0; };
		51B4F2920CA6452FB1AAE181 /* FCMPlugin.h */ = {isa = PBXFileReference; name = "FCMPlugin.h"; path = "cordova-plugin-fcm-with-dependecy-updated/FCMPlugin.h"; sourceTree = "<group>"; fileEncoding = 4; lastKnownFileType = sourcecode.c.h; explicitFileType = undefined; includeInIndex = 0; };
		3E297D8545284185B3456D3A /* AppDelegate+FCMPlugin.h */ = {isa = PBXFileReference; name = "AppDelegate+FCMPlugin.h"; path = "cordova-plugin-fcm-with-dependecy-updated/AppDelegate+FCMPlugin.h"; sourceTree = "<group>"; fileEncoding = 4; lastKnownFileType = sourcecode.c.h; explicitFileType = undefined; includeInIndex = 0; };
		24DD10CA6FC944DEA083392F /* FCMPluginIOS9Support.h */ = {isa = PBXFileReference; name = "FCMPluginIOS9Support.h"; path = "cordova-plugin-fcm-with-dependecy-updated/FCMPluginIOS9Support.h"; sourceTree = "<group>"; fileEncoding = 4; lastKnownFileType = sourcecode.c.h; explicitFileType = undefined; includeInIndex = 0; };
		5A5B072411574424847821CF /* FCMNotificationCenterDelegate.h */ = {isa = PBXFileReference; name = "FCMNotificationCenterDelegate.h"; path = "cordova-plugin-fcm-with-dependecy-updated/FCMNotificationCenterDelegate.h"; sourceTree = "<group>"; fileEncoding = 4; lastKnownFileType = sourcecode.c.h; explicitFileType = undefined; includeInIndex = 0; };
		F571BABC07784CC69B7A9CA4 /* GoogleService-Info.plist */ = {isa = PBXFileReference; name = "GoogleService-Info.plist"; path = "Resources/GoogleService-Info.plist"; sourceTree = "<group>"; fileEncoding = 4; lastKnownFileType = text.plist.xml; explicitFileType = undefined; includeInIndex = 0; };
/* End PBXFileReference section */

/* Begin PBXFrameworksBuildPhase section */
		1D60588F0D05DD3D006BFB54 /* Frameworks */ = {
			isa = PBXFrameworksBuildPhase;
			buildActionMask = 2147483647;
			files = (
				301BF552109A68D80062928A /* libCordova.a in Frameworks */,
				CE3AF2C3073B454AA9ACC925 /* WebKit.framework in Frameworks */,
				26FDA6F040374DECB83FAB90 /* CoreLocation.framework in Frameworks */,
				BB1BC09E6FD541E78D21A062 /* AVFoundation.framework in Frameworks */,
				630818ED3F704DBE92639790 /* AudioToolbox.framework in Frameworks */,
				06BDE3EEA0FA44A5B43E90B3 /* QuartzCore.framework in Frameworks */,
				20B4303BBA864971BE17B933 /* Security.framework in Frameworks */,
				2D15EB8FFA0D46839A67D58E /* MessageUI.framework in Frameworks */,
			);
			runOnlyForDeploymentPostprocessing = 0;
		};
/* End PBXFrameworksBuildPhase section */

/* Begin PBXGroup section */
		080E96DDFE201D6D7F000001 /* Classes */ = {
			isa = PBXGroup;
			children = (
				302D95EE14D2391D003F00A1 /* MainViewController.h */,
				302D95EF14D2391D003F00A1 /* MainViewController.m */,
				302D95F014D2391D003F00A1 /* MainViewController.xib */,
				1D3623240D0F684500981E51 /* AppDelegate.h */,
				1D3623250D0F684500981E51 /* AppDelegate.m */,
			);
			name = Classes;
			path = "ICCCSG APP/Classes";
			sourceTree = SOURCE_ROOT;
		};
		19C28FACFE9D520D11CA2CBB /* Products */ = {
			isa = PBXGroup;
			children = (
				1D6058910D05DD3D006BFB54 /* ICCCSG APP.app */,
			);
			name = Products;
			sourceTree = "<group>";
		};
		29B97314FDCFA39411CA2CEA /* CustomTemplate */ = {
			isa = PBXGroup;
			children = (
				EB87FDF41871DAF40020F90C /* config.xml */,
				EB87FDF31871DA8E0020F90C /* www */,
				EB87FDF11871DA420020F90C /* Staging */,
				301BF52D109A57CC0062928A /* CordovaLib/CordovaLib.xcodeproj */,
				080E96DDFE201D6D7F000001 /* Classes */,
				307C750510C5A3420062BCA9 /* Plugins */,
				29B97315FDCFA39411CA2CEA /* Other Sources */,
				29B97317FDCFA39411CA2CEA /* Resources */,
				29B97323FDCFA39411CA2CEA /* Frameworks */,
				19C28FACFE9D520D11CA2CBB /* Products */,
			);
			name = CustomTemplate;
			sourceTree = "<group>";
		};
		29B97315FDCFA39411CA2CEA /* Other Sources */ = {
			isa = PBXGroup;
			children = (
				32CA4F630368D1EE00C91783 /* ICCCSG APP-Prefix.pch */,
				29B97316FDCFA39411CA2CEA /* main.m */,
				ED33DF2A687741AEAF9F8254 /* Bridging-Header.h */,
			);
			name = "Other Sources";
			path = "ICCCSG APP";
			sourceTree = "<group>";
		};
		29B97317FDCFA39411CA2CEA /* Resources */ = {
			isa = PBXGroup;
			children = (
				0207DA571B56EA530066E2B4 /* Images.xcassets */,
				3047A50E1AB8057F00498E2A /* config */,
				8D1107310486CEB800E47090 /* ICCCSG APP-Info.plist */,
				6AFF5BF81D6E424B00AB3073 /* CDVLaunchScreen.storyboard */,
				0DD76CE76D20425B8561B1A4 /* scannerOverlay.xib */,
				89EFC615B5B8495F98F3C7D5 /* CDVBarcodeScanner.bundle */,
				1B62275164ED409B8181D298 /* PEPhotoCropEditor.bundle */,
				F571BABC07784CC69B7A9CA4 /* GoogleService-Info.plist */,
			);
			name = Resources;
			path = "ICCCSG APP/Resources";
			sourceTree = "<group>";
		};
		29B97323FDCFA39411CA2CEA /* Frameworks */ = {
			isa = PBXGroup;
			children = (
				AF69C47DC54A4EBA91257438 /* WebKit.framework */,
				94BFD1941C9C4F93A3E0A77D /* CoreLocation.framework */,
				F2EBE617109A4167A8FB26F3 /* AVFoundation.framework */,
				957CF876B55D4BAD9D7095D8 /* AudioToolbox.framework */,
				CE567CAB299F414599637114 /* QuartzCore.framework */,
				084E9B00D6554CA091D8907B /* Security.framework */,
				D492902D91DF4B47964BCCFE /* MessageUI.framework */,
			);
			name = Frameworks;
			sourceTree = "<group>";
		};
		301BF52E109A57CC0062928A /* Products */ = {
			isa = PBXGroup;
			children = (
				301BF535109A57CC0062928A /* libCordova.a */,
				907D8124214C687600058A10 /* Cordova.framework */,
			);
			name = Products;
			sourceTree = "<group>";
		};
		3047A50E1AB8057F00498E2A /* config */ = {
			isa = PBXGroup;
			children = (
				3047A50F1AB8059700498E2A /* build-debug.xcconfig */,
				3047A5101AB8059700498E2A /* build-release.xcconfig */,
				3047A5111AB8059700498E2A /* build.xcconfig */,
			);
			name = config;
			sourceTree = "<group>";
		};
		307C750510C5A3420062BCA9 /* Plugins */ = {
			isa = PBXGroup;
			children = (
				6B6252881FC54859B7A8828B /* CDVStatusBar.m */,
				374C2AB638874EF6BE7A4391 /* CDVStatusBar.h */,
				76117D792E3E4E4FA468D6DD /* CDVDevice.m */,
				E2329EAB9BE74717A6197E59 /* CDVDevice.h */,
				F0D84872981D41B587AD985B /* CDVWKWebViewEngine.m */,
				B3D6155352044F04AB998F41 /* CDVWKWebViewUIDelegate.m */,
				7724F39DBFBD4ED682424714 /* CDVWKProcessPoolFactory.m */,
				0294E8C039204C2CB26093EE /* IONAssetHandler.m */,
				4F703CE51B234C5CBC189B8F /* CDVWKWebViewEngine.h */,
				34D0A329591B4A34AAA98076 /* CDVWKWebViewUIDelegate.h */,
				0170D4D2E5E4491F9B66D7B7 /* CDVWKProcessPoolFactory.h */,
				A5F8289B4677410389DDB86B /* IONAssetHandler.h */,
				306301DEF4A949F4A88D252E /* CDVIonicKeyboard.m */,
				FB75D86E0BB94CFD90CA1B24 /* CDVIonicKeyboard.h */,
				72562734DDB742EF831110DE /* CDVLocation.m */,
				C69BB8331D2D4162B2D375E5 /* CDVLocation.h */,
				C1B0FCF73781433481CC7604 /* NativeGeocoder.swift */,
				70604E0D34B349EF95323DA0 /* PhotoViewer.m */,
				BA2DE913745F4E8B9C3737DD /* CDVFile.m */,
				9768F8094332478589AF62EB /* CDVLocalFilesystem.m */,
				6DC47FFBF8DD4F7488B529F2 /* CDVAssetLibraryFilesystem.m */,
				F168E52935DC472ABB944249 /* CDVFile.h */,
				2F332772421C47EA8BE28DF2 /* CDVLocalFilesystem.h */,
				79A70594B2E44175B4DB2C3E /* CDVAssetLibraryFilesystem.h */,
				791B42C9078B438B9B48241B /* CDVFileTransfer.m */,
				5ACD43FFF2664589B944D64D /* CDVFileTransfer.h */,
				F39930FFFD174833B81C2697 /* CDVBarcodeScanner.mm */,
				1E39A9B00C2F44408EE53E99 /* CTCrop.m */,
				ACED7E62853F457AAB57C011 /* PECropRectView.m */,
				F148071D82EC456792CEFEEF /* PECropView.m */,
				A9B20E08187E4FF6ABFC913E /* PECropViewController.m */,
				B08CC0BBF02045C3A4892FBA /* PEResizeControl.m */,
				7DCE20AF244A486DB7235D1B /* UIImage+PECrop.m */,
				5CE19F517A6E4ECB86AEE0F1 /* CTCrop.h */,
				1B53586EA2134DA6BA548DD8 /* PECropRectView.h */,
				B71C56EDF71D48AF8DF683D8 /* PECropView.h */,
				E166028C970B4483B5AB3994 /* PECropViewController.h */,
				266A4A035DE14DE28D886080 /* PEResizeControl.h */,
				603F02C5B766449EB10FC152 /* UIImage+PECrop.h */,
				01C967A54E8A40F2AE793B3F /* RequestLocationAccuracy.m */,
				5A0E9526DFBF4B9B80BDF93C /* RequestLocationAccuracy.h */,
				A305A2F79B484A26974435BB /* Fingerprint.swift */,
				4E94EC1A814D4A039AA5892B /* Bridging-Header.h */,
				6956AAB3461E4C1EA6EFC875 /* UICKeyChainStore.m */,
				E1A06DF82E834515967BE46F /* CDVUniqueDeviceID.m */,
				3E6E0163B32846BBA0A9F491 /* UICKeyChainStore.h */,
				44E8C07FB3BB41B5BA31A93D /* CDVUniqueDeviceID.h */,
				1557C61463164719941E146F /* APPEmailComposer.m */,
				8E2404D698A94E92BE7F3917 /* APPEmailComposerImpl.m */,
				21466466907E41779B962727 /* APPEmailComposer.h */,
				C13A6123D0E74CFBA14386D7 /* APPEmailComposerImpl.h */,
				7C55D4C22C9D4B66B9A43BB2 /* CDVInAppBrowserOptions.m */,
				272EC2D218FF485AACD0DCC3 /* CDVInAppBrowserNavigationController.m */,
				58A0E048272D4B0FB172F5B0 /* CDVWKInAppBrowser.m */,
				33DC4245AC6A4C1ABC196D61 /* CDVWKInAppBrowserUIDelegate.m */,
				B34ECCDF443443DA94BCFC45 /* CDVInAppBrowserOptions.h */,
				504E1F8368AE48DA9D903853 /* CDVInAppBrowserNavigationController.h */,
				CAAAFAF06EB3401582E2BFC3 /* CDVWKInAppBrowser.h */,
				7F0565DC04CC43DFBB3ABA45 /* CDVWKInAppBrowserUIDelegate.h */,
				4620BDA4ADAE47438BCEEB78 /* CFCallNumber.m */,
				D67A1202D917441CB92475FA /* CFCallNumber.h */,
				68BFD7E577CF4F45A6161355 /* FCMPlugin.m */,
				20E02A0943AC4743AEC0CAF2 /* AppDelegate+FCMPlugin.m */,
				302DEDAA49894E3995E6DC5C /* FCMPluginIOS9Support.m */,
				5038CFA2FE25460DB504BA33 /* FCMNotificationCenterDelegate.m */,
				51B4F2920CA6452FB1AAE181 /* FCMPlugin.h */,
				3E297D8545284185B3456D3A /* AppDelegate+FCMPlugin.h */,
				24DD10CA6FC944DEA083392F /* FCMPluginIOS9Support.h */,
				5A5B072411574424847821CF /* FCMNotificationCenterDelegate.h */,
			);
			name = Plugins;
			path = "ICCCSG APP/Plugins";
			sourceTree = SOURCE_ROOT;
		};
		EB87FDF11871DA420020F90C /* Staging */ = {
			isa = PBXGroup;
			children = (
				F840E1F0165FE0F500CFE078 /* config.xml */,
				301BF56E109A69640062928A /* www */,
			);
			name = Staging;
			sourceTree = "<group>";
		};
/* End PBXGroup section */

/* Begin PBXNativeTarget section */
		1D6058900D05DD3D006BFB54 /* ICCCSG APP */ = {
			isa = PBXNativeTarget;
			buildConfigurationList = 1D6058960D05DD3E006BFB54 /* Build configuration list for PBXNativeTarget "ICCCSG APP" */;
			buildPhases = (
				304B58A110DAC018002A0835 /* Copy www directory */,
				1D60588D0D05DD3D006BFB54 /* Resources */,
				1D60588E0D05DD3D006BFB54 /* Sources */,
				1D60588F0D05DD3D006BFB54 /* Frameworks */,
			);
			buildRules = (
			);
			dependencies = (
				301BF551109A68C00062928A /* PBXTargetDependency */,
			);
			name = "ICCCSG APP";
			productName = "ICCCSG APP";
			productReference = 1D6058910D05DD3D006BFB54 /* ICCCSG APP.app */;
			productType = "com.apple.product-type.application";
		};
/* End PBXNativeTarget section */

/* Begin PBXProject section */
		29B97313FDCFA39411CA2CEA /* Project object */ = {
			isa = PBXProject;
			attributes = {
				LastUpgradeCheck = 1130;
				TargetAttributes = {
					1D6058900D05DD3D006BFB54 = {
						ProvisioningStyle = Automatic;
					};
				};
			};
			buildConfigurationList = C01FCF4E08A954540054247B /* Build configuration list for PBXProject "ICCCSG APP" */;
			compatibilityVersion = "Xcode 11.0";
			developmentRegion = en;
			hasScannedForEncodings = 1;
			knownRegions = (
				en,
				Base,
			);
			mainGroup = 29B97314FDCFA39411CA2CEA /* CustomTemplate */;
			projectDirPath = "";
			projectReferences = (
				{
					ProductGroup = 301BF52E109A57CC0062928A /* Products */;
					ProjectRef = 301BF52D109A57CC0062928A /* CordovaLib/CordovaLib.xcodeproj */;
				},
			);
			projectRoot = "";
			targets = (
				1D6058900D05DD3D006BFB54 /* ICCCSG APP */,
			);
		};
/* End PBXProject section */

/* Begin PBXReferenceProxy section */
		301BF535109A57CC0062928A /* libCordova.a */ = {
			isa = PBXReferenceProxy;
			fileType = archive.ar;
			path = libCordova.a;
			remoteRef = 301BF534109A57CC0062928A /* PBXContainerItemProxy */;
			sourceTree = BUILT_PRODUCTS_DIR;
		};
		907D8124214C687600058A10 /* Cordova.framework */ = {
			isa = PBXReferenceProxy;
			fileType = wrapper.framework;
			path = Cordova.framework;
			remoteRef = 907D8123214C687600058A10 /* PBXContainerItemProxy */;
			sourceTree = BUILT_PRODUCTS_DIR;
		};
/* End PBXReferenceProxy section */

/* Begin PBXResourcesBuildPhase section */
		1D60588D0D05DD3D006BFB54 /* Resources */ = {
			isa = PBXResourcesBuildPhase;
			buildActionMask = 2147483647;
			files = (
				302D95F214D2391D003F00A1 /* MainViewController.xib in Resources */,
				0207DA581B56EA530066E2B4 /* Images.xcassets in Resources */,
				6AFF5BF91D6E424B00AB3073 /* CDVLaunchScreen.storyboard in Resources */,
				313398535CA44DDCAE68A211 /* scannerOverlay.xib in Resources */,
				C9C08642D52F4231B2584101 /* CDVBarcodeScanner.bundle in Resources */,
				3982B23B13B040408CCC1C98 /* PEPhotoCropEditor.bundle in Resources */,
				AFCD346C8ABD483CB4EC35BE /* GoogleService-Info.plist in Resources */,
			);
			runOnlyForDeploymentPostprocessing = 0;
		};
/* End PBXResourcesBuildPhase section */

/* Begin PBXShellScriptBuildPhase section */
		304B58A110DAC018002A0835 /* Copy www directory */ = {
			isa = PBXShellScriptBuildPhase;
			buildActionMask = 2147483647;
			files = (
			);
			inputPaths = (
			);
			name = "Copy www directory";
			outputPaths = (
			);
			runOnlyForDeploymentPostprocessing = 0;
			shellPath = /bin/sh;
			shellScript = "\"$SRCROOT/ICCCSG APP/Scripts/copy-www-build-step.sh\"";
			showEnvVarsInLog = 0;
		};
/* End PBXShellScriptBuildPhase section */

/* Begin PBXSourcesBuildPhase section */
		1D60588E0D05DD3D006BFB54 /* Sources */ = {
			isa = PBXSourcesBuildPhase;
			buildActionMask = 2147483647;
			files = (
				1D60589B0D05DD56006BFB54 /* main.m in Sources */,
				1D3623260D0F684500981E51 /* AppDelegate.m in Sources */,
				302D95F114D2391D003F00A1 /* MainViewController.m in Sources */,
				FA6306CA5DF14ABB92BFFF6D /* CDVStatusBar.m in Sources */,
				ECFE00715EAF49D1BDCC3AFF /* CDVDevice.m in Sources */,
				16C740DFF0D44AB8A79EB284 /* CDVWKWebViewEngine.m in Sources */,
				1B0ECEB95F94483CBD92894E /* CDVWKWebViewUIDelegate.m in Sources */,
				F95EB0BCF9794BC9886C0FDD /* CDVWKProcessPoolFactory.m in Sources */,
				346C0FC20F064AD1A0430597 /* IONAssetHandler.m in Sources */,
				2CF9A86486A24929A18DDF0F /* CDVIonicKeyboard.m in Sources */,
				52CE573AEB264772A7C45C41 /* CDVLocation.m in Sources */,
				F1AA879E75754A70ABEC454D /* NativeGeocoder.swift in Sources */,
				EA40A449584247A88569B0ED /* PhotoViewer.m in Sources */,
				4A14FB4632444874907259EB /* CDVFile.m in Sources */,
				D482A40BA24B42F894DD09C6 /* CDVLocalFilesystem.m in Sources */,
				8C2323AD8F3A4ACA947C2D01 /* CDVAssetLibraryFilesystem.m in Sources */,
				2B4C6470A6A142E3A8169117 /* CDVFileTransfer.m in Sources */,
				103216B5065B4D978D577672 /* CDVBarcodeScanner.mm in Resources */,
				895106871EF440FCA2336C9A /* CTCrop.m in Sources */,
				AF30C08E5D014ED0AF37CF12 /* PECropRectView.m in Sources */,
				E5FBAC79AA5C4FC6A815328E /* PECropView.m in Sources */,
				69C49E2ABE0140B28D0D4D7A /* PECropViewController.m in Sources */,
				652BA3F0F2BD41C9B24BF579 /* PEResizeControl.m in Sources */,
				8005E413E77E49D782D616C0 /* UIImage+PECrop.m in Sources */,
				8C832A69F1764BA5B8DE733A /* RequestLocationAccuracy.m in Sources */,
				E30875E834BD42E2B9D2C849 /* Fingerprint.swift in Sources */,
				544BB41E16E8407F84553A11 /* UICKeyChainStore.m in Sources */,
				E49D9BEDE7EB467FAA94591D /* CDVUniqueDeviceID.m in Sources */,
				6F18B7DE419C41B8864A82BE /* APPEmailComposer.m in Sources */,
				A3518B5A41CA451293FCEF47 /* APPEmailComposerImpl.m in Sources */,
				C900DEF9DEB14C4282FA2067 /* CDVInAppBrowserOptions.m in Sources */,
				BAE5465E3438496CA6FEBA79 /* CDVInAppBrowserNavigationController.m in Sources */,
				A52BFB69CB9742EB96D856D5 /* CDVWKInAppBrowser.m in Sources */,
				6746703AC44E46DFB0E11921 /* CDVWKInAppBrowserUIDelegate.m in Sources */,
				9FD37CC6C69E490DACB95991 /* CFCallNumber.m in Sources */,
				ADCF6A9B20624E069AC42728 /* FCMPlugin.m in Sources */,
				43565CE683A244D989527C42 /* AppDelegate+FCMPlugin.m in Sources */,
				D7E256C2D139460C92BDCB7E /* FCMPluginIOS9Support.m in Sources */,
				86AB1CD1C5594377B98E36EA /* FCMNotificationCenterDelegate.m in Sources */,
			);
			runOnlyForDeploymentPostprocessing = 0;
		};
/* End PBXSourcesBuildPhase section */

/* Begin PBXTargetDependency section */
		301BF551109A68C00062928A /* PBXTargetDependency */ = {
			isa = PBXTargetDependency;
			name = CordovaLib;
			targetProxy = 301BF550109A68C00062928A /* PBXContainerItemProxy */;
		};
/* End PBXTargetDependency section */

/* Begin XCBuildConfiguration section */
		1D6058940D05DD3E006BFB54 /* Debug */ = {
			isa = XCBuildConfiguration;
			baseConfigurationReference = 3047A50F1AB8059700498E2A /* build-debug.xcconfig */;
			buildSettings = {
				ALWAYS_SEARCH_USER_PATHS = NO;
				ASSETCATALOG_COMPILER_APPICON_NAME = AppIcon;
				CLANG_ENABLE_MODULES = YES;
				CLANG_ENABLE_OBJC_ARC = YES;
				COPY_PHASE_STRIP = NO;
				GCC_DYNAMIC_NO_PIC = NO;
				GCC_OPTIMIZATION_LEVEL = 0;
				GCC_PRECOMPILE_PREFIX_HEADER = YES;
				GCC_PREFIX_HEADER = "ICCCSG APP/ICCCSG APP-Prefix.pch";
				GCC_THUMB_SUPPORT = NO;
				GCC_VERSION = "";
				INFOPLIST_FILE = "ICCCSG APP/ICCCSG APP-Info.plist";
				IPHONEOS_DEPLOYMENT_TARGET = 11.0;
				LD_RUNPATH_SEARCH_PATHS = "@executable_path/Frameworks";
				PRODUCT_BUNDLE_IDENTIFIER = th.co.icc.salestools;
				PRODUCT_NAME = "$(TARGET_NAME)";
				TARGETED_DEVICE_FAMILY = "1,2";
				VALIDATE_WORKSPACE = NO;
				SWIFT_VERSION = 5.0;
			};
			name = Debug;
		};
		1D6058950D05DD3E006BFB54 /* Release */ = {
			isa = XCBuildConfiguration;
			baseConfigurationReference = 3047A5101AB8059700498E2A /* build-release.xcconfig */;
			buildSettings = {
				ALWAYS_SEARCH_USER_PATHS = NO;
				ASSETCATALOG_COMPILER_APPICON_NAME = AppIcon;
				CLANG_ENABLE_MODULES = YES;
				CLANG_ENABLE_OBJC_ARC = YES;
				COPY_PHASE_STRIP = YES;
				GCC_PRECOMPILE_PREFIX_HEADER = YES;
				GCC_PREFIX_HEADER = "ICCCSG APP/ICCCSG APP-Prefix.pch";
				GCC_THUMB_SUPPORT = NO;
				GCC_VERSION = "";
				INFOPLIST_FILE = "ICCCSG APP/ICCCSG APP-Info.plist";
				IPHONEOS_DEPLOYMENT_TARGET = 11.0;
				LD_RUNPATH_SEARCH_PATHS = "@executable_path/Frameworks";
				PRODUCT_BUNDLE_IDENTIFIER = th.co.icc.salestools;
				PRODUCT_NAME = "$(TARGET_NAME)";
				TARGETED_DEVICE_FAMILY = "1,2";
				VALIDATE_WORKSPACE = NO;
				SWIFT_VERSION = 5.0;
			};
			name = Release;
		};
		C01FCF4F08A954540054247B /* Debug */ = {
			isa = XCBuildConfiguration;
			baseConfigurationReference = 3047A5111AB8059700498E2A /* build.xcconfig */;
			buildSettings = {
				CLANG_ANALYZER_LOCALIZABILITY_NONLOCALIZED = YES;
				CLANG_ENABLE_MODULES = YES;
				CLANG_ENABLE_OBJC_ARC = YES;
				CLANG_WARN_BLOCK_CAPTURE_AUTORELEASING = YES;
				CLANG_WARN_BOOL_CONVERSION = YES;
				CLANG_WARN_COMMA = YES;
				CLANG_WARN_CONSTANT_CONVERSION = YES;
				CLANG_WARN_DEPRECATED_OBJC_IMPLEMENTATIONS = YES;
				CLANG_WARN_EMPTY_BODY = YES;
				CLANG_WARN_ENUM_CONVERSION = YES;
				CLANG_WARN_INFINITE_RECURSION = YES;
				CLANG_WARN_INT_CONVERSION = YES;
				CLANG_WARN_NON_LITERAL_NULL_CONVERSION = YES;
				CLANG_WARN_OBJC_IMPLICIT_RETAIN_SELF = YES;
				CLANG_WARN_OBJC_LITERAL_CONVERSION = YES;
				CLANG_WARN_RANGE_LOOP_ANALYSIS = YES;
				CLANG_WARN_STRICT_PROTOTYPES = YES;
				CLANG_WARN_SUSPICIOUS_MOVE = YES;
				CLANG_WARN_UNREACHABLE_CODE = YES;
				CLANG_WARN__DUPLICATE_METHOD_MATCH = YES;
				ENABLE_STRICT_OBJC_MSGSEND = YES;
				ENABLE_TESTABILITY = YES;
				GCC_C_LANGUAGE_STANDARD = c99;
				GCC_NO_COMMON_BLOCKS = YES;
				GCC_THUMB_SUPPORT = NO;
				GCC_VERSION = "";
				GCC_WARN_64_TO_32_BIT_CONVERSION = YES;
				GCC_WARN_ABOUT_RETURN_TYPE = YES;
				GCC_WARN_UNDECLARED_SELECTOR = YES;
				GCC_WARN_UNINITIALIZED_AUTOS = YES;
				GCC_WARN_UNUSED_FUNCTION = YES;
				GCC_WARN_UNUSED_VARIABLE = YES;
				ONLY_ACTIVE_ARCH = YES;
				SDKROOT = iphoneos;
				SKIP_INSTALL = NO;
				WK_WEB_VIEW_ONLY = 1;
				SWIFT_VERSION = 5.0;
				IPHONEOS_DEPLOYMENT_TARGET = 11.0;
			};
			name = Debug;
		};
		C01FCF5008A954540054247B /* Release */ = {
			isa = XCBuildConfiguration;
			baseConfigurationReference = 3047A5111AB8059700498E2A /* build.xcconfig */;
			buildSettings = {
				CLANG_ANALYZER_LOCALIZABILITY_NONLOCALIZED = YES;
				CLANG_ENABLE_MODULES = YES;
				CLANG_ENABLE_OBJC_ARC = YES;
				CLANG_WARN_BLOCK_CAPTURE_AUTORELEASING = YES;
				CLANG_WARN_BOOL_CONVERSION = YES;
				CLANG_WARN_COMMA = YES;
				CLANG_WARN_CONSTANT_CONVERSION = YES;
				CLANG_WARN_DEPRECATED_OBJC_IMPLEMENTATIONS = YES;
				CLANG_WARN_EMPTY_BODY = YES;
				CLANG_WARN_ENUM_CONVERSION = YES;
				CLANG_WARN_INFINITE_RECURSION = YES;
				CLANG_WARN_INT_CONVERSION = YES;
				CLANG_WARN_NON_LITERAL_NULL_CONVERSION = YES;
				CLANG_WARN_OBJC_IMPLICIT_RETAIN_SELF = YES;
				CLANG_WARN_OBJC_LITERAL_CONVERSION = YES;
				CLANG_WARN_RANGE_LOOP_ANALYSIS = YES;
				CLANG_WARN_STRICT_PROTOTYPES = YES;
				CLANG_WARN_SUSPICIOUS_MOVE = YES;
				CLANG_WARN_UNREACHABLE_CODE = YES;
				CLANG_WARN__DUPLICATE_METHOD_MATCH = YES;
				ENABLE_STRICT_OBJC_MSGSEND = YES;
				GCC_C_LANGUAGE_STANDARD = c99;
				GCC_NO_COMMON_BLOCKS = YES;
				GCC_THUMB_SUPPORT = NO;
				GCC_VERSION = "";
				GCC_WARN_64_TO_32_BIT_CONVERSION = YES;
				GCC_WARN_ABOUT_RETURN_TYPE = YES;
				GCC_WARN_UNDECLARED_SELECTOR = YES;
				GCC_WARN_UNINITIALIZED_AUTOS = YES;
				GCC_WARN_UNUSED_FUNCTION = YES;
				GCC_WARN_UNUSED_VARIABLE = YES;
				SDKROOT = iphoneos;
				SKIP_INSTALL = NO;
				WK_WEB_VIEW_ONLY = 1;
				SWIFT_VERSION = 5.0;
				IPHONEOS_DEPLOYMENT_TARGET = 11.0;
			};
			name = Release;
		};
/* End XCBuildConfiguration section */

/* Begin XCConfigurationList section */
		1D6058960D05DD3E006BFB54 /* Build configuration list for PBXNativeTarget "ICCCSG APP" */ = {
			isa = XCConfigurationList;
			buildConfigurations = (
				1D6058940D05DD3E006BFB54 /* Debug */,
				1D6058950D05DD3E006BFB54 /* Release */,
			);
			defaultConfigurationIsVisible = 0;
			defaultConfigurationName = Release;
		};
		C01FCF4E08A954540054247B /* Build configuration list for PBXProject "ICCCSG APP" */ = {
			isa = XCConfigurationList;
			buildConfigurations = (
				C01FCF4F08A954540054247B /* Debug */,
				C01FCF5008A954540054247B /* Release */,
			);
			defaultConfigurationIsVisible = 0;
			defaultConfigurationName = Release;
		};
/* End XCConfigurationList section */
	};
	rootObject = 29B97313FDCFA39411CA2CEA /* Project object */;
}
